
Microsoft Visual Studio Solution File, Format Version 12.00
# Visual Studio Version 17
VisualStudioVersion = 17.11.35327.3
MinimumVisualStudioVersion = 10.0.40219.1
Project("{FAE04EC0-301F-11D3-BF4B-00C04F79EFBC}") = "FileManagerApp", "FileManagerApp\FileManagerApp.csproj", "{51C111CE-D0A4-4FE2-B76C-8E3F4C6EE7C1}"
EndProject
Global
	GlobalSection(SolutionConfigurationPlatforms) = preSolution
		Debug|Any CPU = Debug|Any CPU
		Release|Any CPU = Release|Any CPU
	EndGlobalSection
	GlobalSection(ProjectConfigurationPlatforms) = postSolution
		{51C111CE-D0A4-4FE2-B76C-8E3F4C6EE7C1}.Debug|Any CPU.ActiveCfg = Debug|Any CPU
		{51C111CE-D0A4-4FE2-B76C-8E3F4C6EE7C1}.Debug|Any CPU.Build.0 = Debug|Any CPU
		{51C111CE-D0A4-4FE2-B76C-8E3F4C6EE7C1}.Release|Any CPU.ActiveCfg = Release|Any CPU
		{51C111CE-D0A4-4FE2-B76C-8E3F4C6EE7C1}.Release|Any CPU.Build.0 = Release|Any CPU
	EndGlobalSection
	GlobalSection(SolutionProperties) = preSolution
		HideSolutionNode = FALSE
	EndGlobalSection
	GlobalSection(ExtensibilityGlobals) = postSolution
		SolutionGuid = {9298917A-4C93-46C7-A7CC-8E8D11972EFA}
	EndGlobalSection
EndGlobal
